
Microsoft Visual Studio Solution File, Format Version 12.00
# Visual Studio Version 16
VisualStudioVersion = 16.0.32413.511
MinimumVisualStudioVersion = 10.0.40219.1
Project("{FAE04EC0-301F-11D3-BF4B-00C04F79EFBC}") = "PremiumGiveSystem.BusinessLogic", "PremiumGiveSystem.BusinessLogic\PremiumGiveSystem.BusinessLogic.csproj", "{149170D3-5F86-48C2-8C84-BBACC341808C}"
EndProject
Project("{FAE04EC0-301F-11D3-BF4B-00C04F79EFBC}") = "PremiumGiveSystem.DataAccess", "PremiumGiveSystem.DataAccess\PremiumGiveSystem.DataAccess.csproj", "{EB64ACCA-0133-4C4D-8E9E-7E7CDDB9C093}"
EndProject
Project("{FAE04EC0-301F-11D3-BF4B-00C04F79EFBC}") = "PremiumGiveSystem.DataContact", "PremiumGiveSystem.DataContact\PremiumGiveSystem.DataContact.csproj", "{391694B7-5A5C-46D3-858D-A39EA17EDD9B}"
EndProject
Project("{FAE04EC0-301F-11D3-BF4B-00C04F79EFBC}") = "PremiumGiveSystemAPI", "PremiumGiveSystemAPI\PremiumGiveSystemAPI.csproj", "{821CA2E2-9221-49A1-AC17-1680DED4E2F7}"
EndProject
Global
	GlobalSection(SolutionConfigurationPlatforms) = preSolution
		Debug|Any CPU = Debug|Any CPU
		Release|Any CPU = Release|Any CPU
	EndGlobalSection
	GlobalSection(ProjectConfigurationPlatforms) = postSolution
		{149170D3-5F86-48C2-8C84-BBACC341808C}.Debug|Any CPU.ActiveCfg = Debug|Any CPU
		{149170D3-5F86-48C2-8C84-BBACC341808C}.Debug|Any CPU.Build.0 = Debug|Any CPU
		{149170D3-5F86-48C2-8C84-BBACC341808C}.Release|Any CPU.ActiveCfg = Release|Any CPU
		{149170D3-5F86-48C2-8C84-BBACC341808C}.Release|Any CPU.Build.0 = Release|Any CPU
		{EB64ACCA-0133-4C4D-8E9E-7E7CDDB9C093}.Debug|Any CPU.ActiveCfg = Debug|Any CPU
		{EB64ACCA-0133-4C4D-8E9E-7E7CDDB9C093}.Debug|Any CPU.Build.0 = Debug|Any CPU
		{EB64ACCA-0133-4C4D-8E9E-7E7CDDB9C093}.Release|Any CPU.ActiveCfg = Release|Any CPU
		{EB64ACCA-0133-4C4D-8E9E-7E7CDDB9C093}.Release|Any CPU.Build.0 = Release|Any CPU
		{391694B7-5A5C-46D3-858D-A39EA17EDD9B}.Debug|Any CPU.ActiveCfg = Debug|Any CPU
		{391694B7-5A5C-46D3-858D-A39EA17EDD9B}.Debug|Any CPU.Build.0 = Debug|Any CPU
		{391694B7-5A5C-46D3-858D-A39EA17EDD9B}.Release|Any CPU.ActiveCfg = Release|Any CPU
		{391694B7-5A5C-46D3-858D-A39EA17EDD9B}.Release|Any CPU.Build.0 = Release|Any CPU
		{821CA2E2-9221-49A1-AC17-1680DED4E2F7}.Debug|Any CPU.ActiveCfg = Debug|Any CPU
		{821CA2E2-9221-49A1-AC17-1680DED4E2F7}.Debug|Any CPU.Build.0 = Debug|Any CPU
		{821CA2E2-9221-49A1-AC17-1680DED4E2F7}.Release|Any CPU.ActiveCfg = Release|Any CPU
		{821CA2E2-9221-49A1-AC17-1680DED4E2F7}.Release|Any CPU.Build.0 = Release|Any CPU
	EndGlobalSection
	GlobalSection(SolutionProperties) = preSolution
		HideSolutionNode = FALSE
	EndGlobalSection
	GlobalSection(ExtensibilityGlobals) = postSolution
		SolutionGuid = {B9E33851-2A0C-466F-84B6-F115E344C373}
	EndGlobalSection
EndGlobal
